
Microsoft Visual Studio Solution File, Format Version 12.00
# Visual Studio 15
VisualStudioVersion = 15.0.28307.1082
MinimumVisualStudioVersion = 10.0.40219.1
Project("{FAE04EC0-301F-11D3-BF4B-00C04F79EFBC}") = "CvEntityProje", "CvEntityProje\CvEntityProje.csproj", "{BFF57349-B27C-4AA7-8556-101C3D8AE0B0}"
EndProject
Global
	GlobalSection(SolutionConfigurationPlatforms) = preSolution
		Debug|Any CPU = Debug|Any CPU
		Release|Any CPU = Release|Any CPU
	EndGlobalSection
	GlobalSection(ProjectConfigurationPlatforms) = postSolution
		{BFF57349-B27C-4AA7-8556-101C3D8AE0B0}.Debug|Any CPU.ActiveCfg = Debug|Any CPU
		{BFF57349-B27C-4AA7-8556-101C3D8AE0B0}.Debug|Any CPU.Build.0 = Debug|Any CPU
		{BFF57349-B27C-4AA7-8556-101C3D8AE0B0}.Release|Any CPU.ActiveCfg = Release|Any CPU
		{BFF57349-B27C-4AA7-8556-101C3D8AE0B0}.Release|Any CPU.Build.0 = Release|Any CPU
	EndGlobalSection
	GlobalSection(SolutionProperties) = preSolution
		HideSolutionNode = FALSE
	EndGlobalSection
	GlobalSection(ExtensibilityGlobals) = postSolution
		SolutionGuid = {4A844C9F-72F1-4AA2-ABAE-E576FF4F3571}
	EndGlobalSection
EndGlobal
